
Microsoft Visual Studio Solution File, Format Version 12.00
# Visual Studio Version 17
VisualStudioVersion = 17.12.35309.182
MinimumVisualStudioVersion = 10.0.40219.1
Project("{FAE04EC0-301F-11D3-BF4B-00C04F79EFBC}") = "DatabaseUpdater", "DatabaseUpdater\DatabaseUpdater.csproj", "{901909AA-457A-4F40-8455-B006E3CD4993}"
EndProject
Global
	GlobalSection(SolutionConfigurationPlatforms) = preSolution
		Debug|Any CPU = Debug|Any CPU
		Release|Any CPU = Release|Any CPU
	EndGlobalSection
	GlobalSection(ProjectConfigurationPlatforms) = postSolution
		{901909AA-457A-4F40-8455-B006E3CD4993}.Debug|Any CPU.ActiveCfg = Debug|Any CPU
		{901909AA-457A-4F40-8455-B006E3CD4993}.Debug|Any CPU.Build.0 = Debug|Any CPU
		{901909AA-457A-4F40-8455-B006E3CD4993}.Release|Any CPU.ActiveCfg = Release|Any CPU
		{901909AA-457A-4F40-8455-B006E3CD4993}.Release|Any CPU.Build.0 = Release|Any CPU
	EndGlobalSection
	GlobalSection(SolutionProperties) = preSolution
		HideSolutionNode = FALSE
	EndGlobalSection
	GlobalSection(ExtensibilityGlobals) = postSolution
		SolutionGuid = {CD0DCD9E-61EF-4CCB-8573-BAFB9F0E1018}
	EndGlobalSection
EndGlobal
